
Microsoft Visual Studio Solution File, Format Version 12.00
# Visual Studio Version 17
VisualStudioVersion = 17.2.32408.312
MinimumVisualStudioVersion = 10.0.40219.1
Project("{FAE04EC0-301F-11D3-BF4B-00C04F79EFBC}") = "APIForTennis", "APIForTennis\APIForTennis.csproj", "{47C48AE1-36E7-47DC-AC85-AF321361C3F4}"
EndProject
Global
	GlobalSection(SolutionConfigurationPlatforms) = preSolution
		Debug|Any CPU = Debug|Any CPU
		Release|Any CPU = Release|Any CPU
	EndGlobalSection
	GlobalSection(ProjectConfigurationPlatforms) = postSolution
		{47C48AE1-36E7-47DC-AC85-AF321361C3F4}.Debug|Any CPU.ActiveCfg = Debug|Any CPU
		{47C48AE1-36E7-47DC-AC85-AF321361C3F4}.Debug|Any CPU.Build.0 = Debug|Any CPU
		{47C48AE1-36E7-47DC-AC85-AF321361C3F4}.Release|Any CPU.ActiveCfg = Release|Any CPU
		{47C48AE1-36E7-47DC-AC85-AF321361C3F4}.Release|Any CPU.Build.0 = Release|Any CPU
	EndGlobalSection
	GlobalSection(SolutionProperties) = preSolution
		HideSolutionNode = FALSE
	EndGlobalSection
	GlobalSection(ExtensibilityGlobals) = postSolution
		SolutionGuid = {E589B4DE-4265-4222-8536-2EB21416ED3A}
	EndGlobalSection
EndGlobal
